
Microsoft Visual Studio Solution File, Format Version 12.00
# Visual Studio 15
VisualStudioVersion = 15.0.28307.902
MinimumVisualStudioVersion = 10.0.40219.1
Project("{FAE04EC0-301F-11D3-BF4B-00C04F79EFBC}") = "Punto_de_venta_SM", "Microsell_Lite\Punto_de_venta_SM.csproj", "{2BBC0ED7-30B7-462E-B840-26680949CF93}"
EndProject
Project("{FAE04EC0-301F-11D3-BF4B-00C04F79EFBC}") = "Prj_Capa_Datos", "Prj_Capa_Datos\Prj_Capa_Datos.csproj", "{AEC6F61F-96B4-4BBF-93E4-AEF83F710585}"
EndProject
Project("{FAE04EC0-301F-11D3-BF4B-00C04F79EFBC}") = "Prj_Capa_Entidad", "Prj_Capa_Entidad\Prj_Capa_Entidad.csproj", "{B04B4D5B-66B1-48C1-B2BD-7710D293804A}"
EndProject
Project("{FAE04EC0-301F-11D3-BF4B-00C04F79EFBC}") = "Prj_Capa_Negocio", "Prj_Capa_Negocio\Prj_Capa_Negocio.csproj", "{5EA3F302-3E62-410E-89EB-D8CE1885D1F4}"
EndProject
Global
	GlobalSection(SolutionConfigurationPlatforms) = preSolution
		Debug|Any CPU = Debug|Any CPU
		Release|Any CPU = Release|Any CPU
	EndGlobalSection
	GlobalSection(ProjectConfigurationPlatforms) = postSolution
		{2BBC0ED7-30B7-462E-B840-26680949CF93}.Debug|Any CPU.ActiveCfg = Debug|Any CPU
		{2BBC0ED7-30B7-462E-B840-26680949CF93}.Debug|Any CPU.Build.0 = Debug|Any CPU
		{2BBC0ED7-30B7-462E-B840-26680949CF93}.Release|Any CPU.ActiveCfg = Release|Any CPU
		{2BBC0ED7-30B7-462E-B840-26680949CF93}.Release|Any CPU.Build.0 = Release|Any CPU
		{AEC6F61F-96B4-4BBF-93E4-AEF83F710585}.Debug|Any CPU.ActiveCfg = Debug|Any CPU
		{AEC6F61F-96B4-4BBF-93E4-AEF83F710585}.Debug|Any CPU.Build.0 = Debug|Any CPU
		{AEC6F61F-96B4-4BBF-93E4-AEF83F710585}.Release|Any CPU.ActiveCfg = Release|Any CPU
		{AEC6F61F-96B4-4BBF-93E4-AEF83F710585}.Release|Any CPU.Build.0 = Release|Any CPU
		{B04B4D5B-66B1-48C1-B2BD-7710D293804A}.Debug|Any CPU.ActiveCfg = Debug|Any CPU
		{B04B4D5B-66B1-48C1-B2BD-7710D293804A}.Debug|Any CPU.Build.0 = Debug|Any CPU
		{B04B4D5B-66B1-48C1-B2BD-7710D293804A}.Release|Any CPU.ActiveCfg = Release|Any CPU
		{B04B4D5B-66B1-48C1-B2BD-7710D293804A}.Release|Any CPU.Build.0 = Release|Any CPU
		{5EA3F302-3E62-410E-89EB-D8CE1885D1F4}.Debug|Any CPU.ActiveCfg = Debug|Any CPU
		{5EA3F302-3E62-410E-89EB-D8CE1885D1F4}.Debug|Any CPU.Build.0 = Debug|Any CPU
		{5EA3F302-3E62-410E-89EB-D8CE1885D1F4}.Release|Any CPU.ActiveCfg = Release|Any CPU
		{5EA3F302-3E62-410E-89EB-D8CE1885D1F4}.Release|Any CPU.Build.0 = Release|Any CPU
	EndGlobalSection
	GlobalSection(SolutionProperties) = preSolution
		HideSolutionNode = FALSE
	EndGlobalSection
	GlobalSection(ExtensibilityGlobals) = postSolution
		SolutionGuid = {DF9F80F4-6D22-4D59-8F4A-EB48C1995B60}
	EndGlobalSection
EndGlobal
